
Microsoft Visual Studio Solution File, Format Version 12.00
# Visual Studio 15
VisualStudioVersion = 15.0.27428.2002
MinimumVisualStudioVersion = 10.0.40219.1
Project("{2150E333-8FDC-42A3-9474-1A3956D46DE8}") = "src", "src", "{7E4B5656-3DAE-44FB-8B41-BC80E3CAEAD5}"
EndProject
Project("{FAE04EC0-301F-11D3-BF4B-00C04F79EFBC}") = "CoreTorrent", "src\CoreTorrent\CoreTorrent.csproj", "{C3436931-570C-4D86-A089-6FD4846845CA}"
EndProject
Project("{2150E333-8FDC-42A3-9474-1A3956D46DE8}") = "tests", "tests", "{AA00CAF4-19DD-481B-8BC8-77265B0FA7EE}"
EndProject
Project("{FAE04EC0-301F-11D3-BF4B-00C04F79EFBC}") = "CoreTorrent.Tests", "tests\CoreTorrent.Tests\CoreTorrent.Tests.csproj", "{9F55B754-3348-41B7-9B0C-90C12E58D8B6}"
EndProject
Global
	GlobalSection(SolutionConfigurationPlatforms) = preSolution
		Debug|Any CPU = Debug|Any CPU
		Release|Any CPU = Release|Any CPU
	EndGlobalSection
	GlobalSection(ProjectConfigurationPlatforms) = postSolution
		{C3436931-570C-4D86-A089-6FD4846845CA}.Debug|Any CPU.ActiveCfg = Debug|Any CPU
		{C3436931-570C-4D86-A089-6FD4846845CA}.Debug|Any CPU.Build.0 = Debug|Any CPU
		{C3436931-570C-4D86-A089-6FD4846845CA}.Release|Any CPU.ActiveCfg = Release|Any CPU
		{C3436931-570C-4D86-A089-6FD4846845CA}.Release|Any CPU.Build.0 = Release|Any CPU
		{9F55B754-3348-41B7-9B0C-90C12E58D8B6}.Debug|Any CPU.ActiveCfg = Debug|Any CPU
		{9F55B754-3348-41B7-9B0C-90C12E58D8B6}.Debug|Any CPU.Build.0 = Debug|Any CPU
		{9F55B754-3348-41B7-9B0C-90C12E58D8B6}.Release|Any CPU.ActiveCfg = Release|Any CPU
		{9F55B754-3348-41B7-9B0C-90C12E58D8B6}.Release|Any CPU.Build.0 = Release|Any CPU
	EndGlobalSection
	GlobalSection(SolutionProperties) = preSolution
		HideSolutionNode = FALSE
	EndGlobalSection
	GlobalSection(NestedProjects) = preSolution
		{C3436931-570C-4D86-A089-6FD4846845CA} = {7E4B5656-3DAE-44FB-8B41-BC80E3CAEAD5}
		{9F55B754-3348-41B7-9B0C-90C12E58D8B6} = {AA00CAF4-19DD-481B-8BC8-77265B0FA7EE}
	EndGlobalSection
	GlobalSection(ExtensibilityGlobals) = postSolution
		SolutionGuid = {BCD2BF5A-4053-4F29-B526-9CE339DC8391}
	EndGlobalSection
EndGlobal
